<?xml version="1.0" encoding="UTF-8"?>
<Solution>
	<Configurations>
		<BuildType Name="Debug"/>
		<BuildType Name="Release"/>
		<BuildType Name="MinSizeRel"/>
		<BuildType Name="RelWithDebInfo"/>
		<Platform Name="x64"/>
	</Configurations>
	<Project Path="ALL_BUILD.vcxproj" Type="8bc9ceb8-8b4a-11d0-8d11-00a0c91bc942" Id="418a1ae1-cae6-3c0a-ab32-d5713df32087" DefaultStartup="true">
		<BuildDependency Project="benchmarks/Benchmarks.vcxproj"/>
		<BuildDependency Project="src/Treadle.vcxproj"/>
		<BuildDependency Project="tests/TreadleTest.vcxproj"/>
		<BuildDependency Project="ZERO_CHECK.vcxproj"/>
		<BuildDependency Project="_deps/googletest-build/googlemock/gmock.vcxproj"/>
		<BuildDependency Project="_deps/googletest-build/googlemock/gmock_main.vcxproj"/>
		<BuildDependency Project="_deps/googletest-build/googletest/gtest.vcxproj"/>
		<BuildDependency Project="_deps/googletest-build/googletest/gtest_main.vcxproj"/>
		<BuildDependency Project="_deps/nanobench-build/nanobench.vcxproj"/>
	</Project>
	<Project Path="benchmarks/Benchmarks.vcxproj" Type="8bc9ceb8-8b4a-11d0-8d11-00a0c91bc942" Id="41e7daa4-2a72-33d5-8fd8-dc7126baa474">
		<BuildDependency Project="src/Treadle.vcxproj"/>
		<BuildDependency Project="ZERO_CHECK.vcxproj"/>
		<BuildDependency Project="_deps/googletest-build/googletest/gtest.vcxproj"/>
		<BuildDependency Project="_deps/googletest-build/googletest/gtest_main.vcxproj"/>
		<BuildDependency Project="_deps/nanobench-build/nanobench.vcxproj"/>
	</Project>
	<Project Path="INSTALL.vcxproj" Type="8bc9ceb8-8b4a-11d0-8d11-00a0c91bc942" Id="c900c906-a47a-3a75-9ebe-fbd14db8cf1b">
		<BuildDependency Project="ALL_BUILD.vcxproj"/>
		<BuildDependency Project="ZERO_CHECK.vcxproj"/>
		<Build Solution="Debug|*" Project="false"/>
		<Build Solution="Release|*" Project="false"/>
		<Build Solution="MinSizeRel|*" Project="false"/>
		<Build Solution="RelWithDebInfo|*" Project="false"/>
	</Project>
	<Project Path="RUN_TESTS.vcxproj" Type="8bc9ceb8-8b4a-11d0-8d11-00a0c91bc942" Id="0076a66c-f559-3570-b46f-c6e1ca0a6229">
		<BuildDependency Project="ZERO_CHECK.vcxproj"/>
		<Build Solution="Debug|*" Project="false"/>
		<Build Solution="Release|*" Project="false"/>
		<Build Solution="MinSizeRel|*" Project="false"/>
		<Build Solution="RelWithDebInfo|*" Project="false"/>
	</Project>
	<Project Path="src/Treadle.vcxproj" Type="8bc9ceb8-8b4a-11d0-8d11-00a0c91bc942" Id="6d6feac5-1638-3419-a242-7ed0f0a04179">
		<BuildDependency Project="ZERO_CHECK.vcxproj"/>
	</Project>
	<Project Path="tests/TreadleTest.vcxproj" Type="8bc9ceb8-8b4a-11d0-8d11-00a0c91bc942" Id="f6158e89-f6ca-36ca-83f9-39fb6448b105">
		<BuildDependency Project="src/Treadle.vcxproj"/>
		<BuildDependency Project="ZERO_CHECK.vcxproj"/>
		<BuildDependency Project="_deps/googletest-build/googletest/gtest.vcxproj"/>
		<BuildDependency Project="_deps/googletest-build/googletest/gtest_main.vcxproj"/>
	</Project>
	<Project Path="ZERO_CHECK.vcxproj" Type="8bc9ceb8-8b4a-11d0-8d11-00a0c91bc942" Id="70f2dcc9-50db-365e-b888-2952c680d098"/>
	<Project Path="_deps/googletest-build/googlemock/gmock.vcxproj" Type="8bc9ceb8-8b4a-11d0-8d11-00a0c91bc942" Id="14239450-e0e9-371a-84ca-8081e87e5814">
		<BuildDependency Project="ZERO_CHECK.vcxproj"/>
	</Project>
	<Project Path="_deps/googletest-build/googlemock/gmock_main.vcxproj" Type="8bc9ceb8-8b4a-11d0-8d11-00a0c91bc942" Id="e7aea329-0351-34b1-a16b-e20e91d5092a">
		<BuildDependency Project="ZERO_CHECK.vcxproj"/>
	</Project>
	<Project Path="_deps/googletest-build/googletest/gtest.vcxproj" Type="8bc9ceb8-8b4a-11d0-8d11-00a0c91bc942" Id="c0248da0-f565-3189-8861-a67e87bfb263">
		<BuildDependency Project="ZERO_CHECK.vcxproj"/>
	</Project>
	<Project Path="_deps/googletest-build/googletest/gtest_main.vcxproj" Type="8bc9ceb8-8b4a-11d0-8d11-00a0c91bc942" Id="6f3a91c9-f6ef-379d-9469-36702275fa03">
		<BuildDependency Project="ZERO_CHECK.vcxproj"/>
		<BuildDependency Project="_deps/googletest-build/googletest/gtest.vcxproj"/>
	</Project>
	<Project Path="_deps/nanobench-build/nanobench.vcxproj" Type="8bc9ceb8-8b4a-11d0-8d11-00a0c91bc942" Id="3a921948-8128-30ea-bc40-69c11580769c">
		<BuildDependency Project="ZERO_CHECK.vcxproj"/>
	</Project>
</Solution>
